
Microsoft Visual Studio Solution File, Format Version 12.00
# Visual Studio Version 16
VisualStudioVersion = 16.0.28803.352
MinimumVisualStudioVersion = 10.0.40219.1
Project("{FAE04EC0-301F-11D3-BF4B-00C04F79EFBC}") = "Delaunator", "Delaunator\Delaunator.csproj", "{DF6810D7-A13E-4956-A4AD-634A5108C055}"
EndProject
Project("{FAE04EC0-301F-11D3-BF4B-00C04F79EFBC}") = "Delaunator.WPF.Example", "Delaunator.WPF.Example\Delaunator.WPF.Example.csproj", "{A8C191DB-3C69-4847-B57A-1524D13C1A30}"
EndProject
Global
	GlobalSection(SolutionConfigurationPlatforms) = preSolution
		Debug|Any CPU = Debug|Any CPU
		Release|Any CPU = Release|Any CPU
	EndGlobalSection
	GlobalSection(ProjectConfigurationPlatforms) = postSolution
		{DF6810D7-A13E-4956-A4AD-634A5108C055}.Debug|Any CPU.ActiveCfg = Debug|Any CPU
		{DF6810D7-A13E-4956-A4AD-634A5108C055}.Debug|Any CPU.Build.0 = Debug|Any CPU
		{DF6810D7-A13E-4956-A4AD-634A5108C055}.Release|Any CPU.ActiveCfg = Release|Any CPU
		{DF6810D7-A13E-4956-A4AD-634A5108C055}.Release|Any CPU.Build.0 = Release|Any CPU
		{A8C191DB-3C69-4847-B57A-1524D13C1A30}.Debug|Any CPU.ActiveCfg = Debug|Any CPU
		{A8C191DB-3C69-4847-B57A-1524D13C1A30}.Debug|Any CPU.Build.0 = Debug|Any CPU
		{A8C191DB-3C69-4847-B57A-1524D13C1A30}.Release|Any CPU.ActiveCfg = Release|Any CPU
		{A8C191DB-3C69-4847-B57A-1524D13C1A30}.Release|Any CPU.Build.0 = Release|Any CPU
	EndGlobalSection
	GlobalSection(SolutionProperties) = preSolution
		HideSolutionNode = FALSE
	EndGlobalSection
	GlobalSection(ExtensibilityGlobals) = postSolution
		SolutionGuid = {A6939564-FE8F-4987-A6F4-1E8082AFB38D}
	EndGlobalSection
EndGlobal
